
Microsoft Visual Studio Solution File, Format Version 12.00
# Visual Studio Version 16
VisualStudioVersion = 16.0.31515.178
MinimumVisualStudioVersion = 10.0.40219.1
Project("{8BC9CEB8-8B4A-11D0-8D11-00A0C91BC942}") = "HomeTask1", "HomeTask1\HomeTask1.vcxproj", "{35EB10D3-326B-480C-9DFD-814715FE669A}"
EndProject
Project("{8BC9CEB8-8B4A-11D0-8D11-00A0C91BC942}") = "ClassWork2", "ClassWork2\ClassWork2.vcxproj", "{71CF76E9-5744-4D03-BE26-7D1612D6D66F}"
EndProject
Project("{2150E333-8FDC-42A3-9474-1A3956D46DE8}") = "HW1", "HW1", "{EC74AD0C-28D0-41C7-8707-6E30554EAA98}"
EndProject
Project("{8BC9CEB8-8B4A-11D0-8D11-00A0C91BC942}") = "HomeTask2_1", "HomeTask2\HomeTask2.vcxproj", "{B979CDDD-65BA-4E56-983E-C39BF0060DFF}"
EndProject
Project("{2150E333-8FDC-42A3-9474-1A3956D46DE8}") = "HW2", "HW2", "{3CB1E44B-DBFB-419E-A3DB-1C7FE935B83E}"
EndProject
Project("{8BC9CEB8-8B4A-11D0-8D11-00A0C91BC942}") = "HomeTask2_2", "HomeTask2_2\HomeTask2_2.vcxproj", "{1C7CB641-F7D9-4033-A19E-84A7DA4D2F93}"
EndProject
Project("{8BC9CEB8-8B4A-11D0-8D11-00A0C91BC942}") = "HomeTask2_3", "HomeTask2_3\HomeTask2_3.vcxproj", "{DC8C6470-0FFC-4CCE-A2C1-BCEC494CFB14}"
EndProject
Project("{8BC9CEB8-8B4A-11D0-8D11-00A0C91BC942}") = "HomeTask2_4", "HomeTask2_4\HomeTask2_4.vcxproj", "{514C4DD1-84B7-4C33-8F36-D21209035F0E}"
EndProject
Project("{2150E333-8FDC-42A3-9474-1A3956D46DE8}") = "HW3", "HW3", "{034A7226-98DE-4FF5-98CE-E99EA9964918}"
EndProject
Project("{8BC9CEB8-8B4A-11D0-8D11-00A0C91BC942}") = "HomeTask3", "HomeTask3\HomeTask3.vcxproj", "{66B24917-73F7-4CE6-B98F-99E014A11E09}"
EndProject
Project("{2150E333-8FDC-42A3-9474-1A3956D46DE8}") = "HW5", "HW5", "{10AAE18F-CBCC-404C-901A-38B97FBE8867}"
EndProject
Project("{8BC9CEB8-8B4A-11D0-8D11-00A0C91BC942}") = "HomeTask5_1", "HomeWork_5_1\HomeWork_5_1.vcxproj", "{3C950AFA-9352-4D11-B02C-50E7E6CE8F73}"
EndProject
Project("{8BC9CEB8-8B4A-11D0-8D11-00A0C91BC942}") = "HomeTask5_2", "HomeTask5_2\HomeTask5_2.vcxproj", "{F87A1851-4B3A-4118-82E3-EF29216ABCAC}"
EndProject
Project("{2150E333-8FDC-42A3-9474-1A3956D46DE8}") = "HW6", "HW6", "{0D937001-D66A-4094-ACA0-E951B6945A52}"
EndProject
Project("{8BC9CEB8-8B4A-11D0-8D11-00A0C91BC942}") = "HomeTask6_1", "HomeTask6_1\HomeTask6_1.vcxproj", "{D80F05F7-0833-4EA7-ACB4-26BEEE36820B}"
EndProject
Project("{8BC9CEB8-8B4A-11D0-8D11-00A0C91BC942}") = "HomeTask6_2", "HomeTask6_2\HomeTask6_2.vcxproj", "{EA4D5207-52CA-49EA-89B6-C7454EFF3CEB}"
EndProject
Project("{8BC9CEB8-8B4A-11D0-8D11-00A0C91BC942}") = "HomeTask6_3", "HomeTask6_3\HomeTask6_3.vcxproj", "{31237F70-6AB7-4E70-87C0-9AC7C107A442}"
EndProject
Project("{8BC9CEB8-8B4A-11D0-8D11-00A0C91BC942}") = "HomeTask6_4", "HomeTask6_5\HomeTask6_5.vcxproj", "{FD4E6A5E-DE71-420B-AEC0-C49671E8455B}"
EndProject
Project("{2150E333-8FDC-42A3-9474-1A3956D46DE8}") = "HW7", "HW7", "{E8EB805B-7A69-410E-A23A-F9D53398A17A}"
EndProject
Project("{8BC9CEB8-8B4A-11D0-8D11-00A0C91BC942}") = "HomeTask7_2", "HomeTask7_2\HomeTask7_2.vcxproj", "{C838D0DA-CA78-4E91-A123-BC10AD62F877}"
EndProject
Project("{2150E333-8FDC-42A3-9474-1A3956D46DE8}") = "HW8", "HW8", "{87308A62-2FC4-4781-B432-98A842230D80}"
EndProject
Project("{8BC9CEB8-8B4A-11D0-8D11-00A0C91BC942}") = "HomeTask8_1", "HomeTask8_1\HomeTask8_1.vcxproj", "{AFE2A66B-C5DD-477F-A2E2-F6CA8970AACB}"
EndProject
Project("{8BC9CEB8-8B4A-11D0-8D11-00A0C91BC942}") = "HomeTask8_2", "HomeTask8_2\HomeTask8_2.vcxproj", "{BBC8E4CB-52C1-402C-9948-A9581305A0CD}"
EndProject
Project("{2150E333-8FDC-42A3-9474-1A3956D46DE8}") = "HW9", "HW9", "{4DF31342-7571-4924-A3DD-29628D9ADFB1}"
EndProject
Project("{8BC9CEB8-8B4A-11D0-8D11-00A0C91BC942}") = "HomeTask9_1", "HomeTask9_1\HomeTask9_1.vcxproj", "{A5F196F7-EDFE-4972-9752-2D4E6DAAC682}"
EndProject
Project("{8BC9CEB8-8B4A-11D0-8D11-00A0C91BC942}") = "HomeTask9_2", "HomeTask9_2\HomeTask9_2.vcxproj", "{D32F4492-6859-4ECF-941B-9CF79A48CDC0}"
EndProject
Project("{2150E333-8FDC-42A3-9474-1A3956D46DE8}") = "HW10", "HW10", "{A1626E55-7615-4721-86A6-31DE6A5C9A29}"
EndProject
Project("{8BC9CEB8-8B4A-11D0-8D11-00A0C91BC942}") = "HomeTask10_2", "HomeTask10_2\HomeTask10_2.vcxproj", "{81690856-D818-46A7-9977-67881CBD49D8}"
EndProject
Global
	GlobalSection(SolutionConfigurationPlatforms) = preSolution
		Debug|x64 = Debug|x64
		Debug|x86 = Debug|x86
		Release|x64 = Release|x64
		Release|x86 = Release|x86
	EndGlobalSection
	GlobalSection(ProjectConfigurationPlatforms) = postSolution
		{35EB10D3-326B-480C-9DFD-814715FE669A}.Debug|x64.ActiveCfg = Debug|x64
		{35EB10D3-326B-480C-9DFD-814715FE669A}.Debug|x64.Build.0 = Debug|x64
		{35EB10D3-326B-480C-9DFD-814715FE669A}.Debug|x86.ActiveCfg = Debug|Win32
		{35EB10D3-326B-480C-9DFD-814715FE669A}.Debug|x86.Build.0 = Debug|Win32
		{35EB10D3-326B-480C-9DFD-814715FE669A}.Release|x64.ActiveCfg = Release|x64
		{35EB10D3-326B-480C-9DFD-814715FE669A}.Release|x64.Build.0 = Release|x64
		{35EB10D3-326B-480C-9DFD-814715FE669A}.Release|x86.ActiveCfg = Release|Win32
		{35EB10D3-326B-480C-9DFD-814715FE669A}.Release|x86.Build.0 = Release|Win32
		{71CF76E9-5744-4D03-BE26-7D1612D6D66F}.Debug|x64.ActiveCfg = Debug|x64
		{71CF76E9-5744-4D03-BE26-7D1612D6D66F}.Debug|x64.Build.0 = Debug|x64
		{71CF76E9-5744-4D03-BE26-7D1612D6D66F}.Debug|x86.ActiveCfg = Debug|Win32
		{71CF76E9-5744-4D03-BE26-7D1612D6D66F}.Debug|x86.Build.0 = Debug|Win32
		{71CF76E9-5744-4D03-BE26-7D1612D6D66F}.Release|x64.ActiveCfg = Release|x64
		{71CF76E9-5744-4D03-BE26-7D1612D6D66F}.Release|x64.Build.0 = Release|x64
		{71CF76E9-5744-4D03-BE26-7D1612D6D66F}.Release|x86.ActiveCfg = Release|Win32
		{71CF76E9-5744-4D03-BE26-7D1612D6D66F}.Release|x86.Build.0 = Release|Win32
		{B979CDDD-65BA-4E56-983E-C39BF0060DFF}.Debug|x64.ActiveCfg = Debug|x64
		{B979CDDD-65BA-4E56-983E-C39BF0060DFF}.Debug|x64.Build.0 = Debug|x64
		{B979CDDD-65BA-4E56-983E-C39BF0060DFF}.Debug|x86.ActiveCfg = Debug|Win32
		{B979CDDD-65BA-4E56-983E-C39BF0060DFF}.Debug|x86.Build.0 = Debug|Win32
		{B979CDDD-65BA-4E56-983E-C39BF0060DFF}.Release|x64.ActiveCfg = Release|x64
		{B979CDDD-65BA-4E56-983E-C39BF0060DFF}.Release|x64.Build.0 = Release|x64
		{B979CDDD-65BA-4E56-983E-C39BF0060DFF}.Release|x86.ActiveCfg = Release|Win32
		{B979CDDD-65BA-4E56-983E-C39BF0060DFF}.Release|x86.Build.0 = Release|Win32
		{1C7CB641-F7D9-4033-A19E-84A7DA4D2F93}.Debug|x64.ActiveCfg = Debug|x64
		{1C7CB641-F7D9-4033-A19E-84A7DA4D2F93}.Debug|x64.Build.0 = Debug|x64
		{1C7CB641-F7D9-4033-A19E-84A7DA4D2F93}.Debug|x86.ActiveCfg = Debug|Win32
		{1C7CB641-F7D9-4033-A19E-84A7DA4D2F93}.Debug|x86.Build.0 = Debug|Win32
		{1C7CB641-F7D9-4033-A19E-84A7DA4D2F93}.Release|x64.ActiveCfg = Release|x64
		{1C7CB641-F7D9-4033-A19E-84A7DA4D2F93}.Release|x64.Build.0 = Release|x64
		{1C7CB641-F7D9-4033-A19E-84A7DA4D2F93}.Release|x86.ActiveCfg = Release|Win32
		{1C7CB641-F7D9-4033-A19E-84A7DA4D2F93}.Release|x86.Build.0 = Release|Win32
		{DC8C6470-0FFC-4CCE-A2C1-BCEC494CFB14}.Debug|x64.ActiveCfg = Debug|x64
		{DC8C6470-0FFC-4CCE-A2C1-BCEC494CFB14}.Debug|x64.Build.0 = Debug|x64
		{DC8C6470-0FFC-4CCE-A2C1-BCEC494CFB14}.Debug|x86.ActiveCfg = Debug|Win32
		{DC8C6470-0FFC-4CCE-A2C1-BCEC494CFB14}.Debug|x86.Build.0 = Debug|Win32
		{DC8C6470-0FFC-4CCE-A2C1-BCEC494CFB14}.Release|x64.ActiveCfg = Release|x64
		{DC8C6470-0FFC-4CCE-A2C1-BCEC494CFB14}.Release|x64.Build.0 = Release|x64
		{DC8C6470-0FFC-4CCE-A2C1-BCEC494CFB14}.Release|x86.ActiveCfg = Release|Win32
		{DC8C6470-0FFC-4CCE-A2C1-BCEC494CFB14}.Release|x86.Build.0 = Release|Win32
		{514C4DD1-84B7-4C33-8F36-D21209035F0E}.Debug|x64.ActiveCfg = Debug|x64
		{514C4DD1-84B7-4C33-8F36-D21209035F0E}.Debug|x64.Build.0 = Debug|x64
		{514C4DD1-84B7-4C33-8F36-D21209035F0E}.Debug|x86.ActiveCfg = Debug|Win32
		{514C4DD1-84B7-4C33-8F36-D21209035F0E}.Debug|x86.Build.0 = Debug|Win32
		{514C4DD1-84B7-4C33-8F36-D21209035F0E}.Release|x64.ActiveCfg = Release|x64
		{514C4DD1-84B7-4C33-8F36-D21209035F0E}.Release|x64.Build.0 = Release|x64
		{514C4DD1-84B7-4C33-8F36-D21209035F0E}.Release|x86.ActiveCfg = Release|Win32
		{514C4DD1-84B7-4C33-8F36-D21209035F0E}.Release|x86.Build.0 = Release|Win32
		{66B24917-73F7-4CE6-B98F-99E014A11E09}.Debug|x64.ActiveCfg = Debug|x64
		{66B24917-73F7-4CE6-B98F-99E014A11E09}.Debug|x64.Build.0 = Debug|x64
		{66B24917-73F7-4CE6-B98F-99E014A11E09}.Debug|x86.ActiveCfg = Debug|Win32
		{66B24917-73F7-4CE6-B98F-99E014A11E09}.Debug|x86.Build.0 = Debug|Win32
		{66B24917-73F7-4CE6-B98F-99E014A11E09}.Release|x64.ActiveCfg = Release|x64
		{66B24917-73F7-4CE6-B98F-99E014A11E09}.Release|x64.Build.0 = Release|x64
		{66B24917-73F7-4CE6-B98F-99E014A11E09}.Release|x86.ActiveCfg = Release|Win32
		{66B24917-73F7-4CE6-B98F-99E014A11E09}.Release|x86.Build.0 = Release|Win32
		{3C950AFA-9352-4D11-B02C-50E7E6CE8F73}.Debug|x64.ActiveCfg = Debug|x64
		{3C950AFA-9352-4D11-B02C-50E7E6CE8F73}.Debug|x64.Build.0 = Debug|x64
		{3C950AFA-9352-4D11-B02C-50E7E6CE8F73}.Debug|x86.ActiveCfg = Debug|Win32
		{3C950AFA-9352-4D11-B02C-50E7E6CE8F73}.Debug|x86.Build.0 = Debug|Win32
		{3C950AFA-9352-4D11-B02C-50E7E6CE8F73}.Release|x64.ActiveCfg = Release|x64
		{3C950AFA-9352-4D11-B02C-50E7E6CE8F73}.Release|x64.Build.0 = Release|x64
		{3C950AFA-9352-4D11-B02C-50E7E6CE8F73}.Release|x86.ActiveCfg = Release|Win32
		{3C950AFA-9352-4D11-B02C-50E7E6CE8F73}.Release|x86.Build.0 = Release|Win32
		{F87A1851-4B3A-4118-82E3-EF29216ABCAC}.Debug|x64.ActiveCfg = Debug|x64
		{F87A1851-4B3A-4118-82E3-EF29216ABCAC}.Debug|x64.Build.0 = Debug|x64
		{F87A1851-4B3A-4118-82E3-EF29216ABCAC}.Debug|x86.ActiveCfg = Debug|Win32
		{F87A1851-4B3A-4118-82E3-EF29216ABCAC}.Debug|x86.Build.0 = Debug|Win32
		{F87A1851-4B3A-4118-82E3-EF29216ABCAC}.Release|x64.ActiveCfg = Release|x64
		{F87A1851-4B3A-4118-82E3-EF29216ABCAC}.Release|x64.Build.0 = Release|x64
		{F87A1851-4B3A-4118-82E3-EF29216ABCAC}.Release|x86.ActiveCfg = Release|Win32
		{F87A1851-4B3A-4118-82E3-EF29216ABCAC}.Release|x86.Build.0 = Release|Win32
		{D80F05F7-0833-4EA7-ACB4-26BEEE36820B}.Debug|x64.ActiveCfg = Debug|x64
		{D80F05F7-0833-4EA7-ACB4-26BEEE36820B}.Debug|x64.Build.0 = Debug|x64
		{D80F05F7-0833-4EA7-ACB4-26BEEE36820B}.Debug|x86.ActiveCfg = Debug|Win32
		{D80F05F7-0833-4EA7-ACB4-26BEEE36820B}.Debug|x86.Build.0 = Debug|Win32
		{D80F05F7-0833-4EA7-ACB4-26BEEE36820B}.Release|x64.ActiveCfg = Release|x64
		{D80F05F7-0833-4EA7-ACB4-26BEEE36820B}.Release|x64.Build.0 = Release|x64
		{D80F05F7-0833-4EA7-ACB4-26BEEE36820B}.Release|x86.ActiveCfg = Release|Win32
		{D80F05F7-0833-4EA7-ACB4-26BEEE36820B}.Release|x86.Build.0 = Release|Win32
		{EA4D5207-52CA-49EA-89B6-C7454EFF3CEB}.Debug|x64.ActiveCfg = Debug|x64
		{EA4D5207-52CA-49EA-89B6-C7454EFF3CEB}.Debug|x64.Build.0 = Debug|x64
		{EA4D5207-52CA-49EA-89B6-C7454EFF3CEB}.Debug|x86.ActiveCfg = Debug|Win32
		{EA4D5207-52CA-49EA-89B6-C7454EFF3CEB}.Debug|x86.Build.0 = Debug|Win32
		{EA4D5207-52CA-49EA-89B6-C7454EFF3CEB}.Release|x64.ActiveCfg = Release|x64
		{EA4D5207-52CA-49EA-89B6-C7454EFF3CEB}.Release|x64.Build.0 = Release|x64
		{EA4D5207-52CA-49EA-89B6-C7454EFF3CEB}.Release|x86.ActiveCfg = Release|Win32
		{EA4D5207-52CA-49EA-89B6-C7454EFF3CEB}.Release|x86.Build.0 = Release|Win32
		{31237F70-6AB7-4E70-87C0-9AC7C107A442}.Debug|x64.ActiveCfg = Debug|x64
		{31237F70-6AB7-4E70-87C0-9AC7C107A442}.Debug|x64.Build.0 = Debug|x64
		{31237F70-6AB7-4E70-87C0-9AC7C107A442}.Debug|x86.ActiveCfg = Debug|Win32
		{31237F70-6AB7-4E70-87C0-9AC7C107A442}.Debug|x86.Build.0 = Debug|Win32
		{31237F70-6AB7-4E70-87C0-9AC7C107A442}.Release|x64.ActiveCfg = Release|x64
		{31237F70-6AB7-4E70-87C0-9AC7C107A442}.Release|x64.Build.0 = Release|x64
		{31237F70-6AB7-4E70-87C0-9AC7C107A442}.Release|x86.ActiveCfg = Release|Win32
		{31237F70-6AB7-4E70-87C0-9AC7C107A442}.Release|x86.Build.0 = Release|Win32
		{FD4E6A5E-DE71-420B-AEC0-C49671E8455B}.Debug|x64.ActiveCfg = Debug|x64
		{FD4E6A5E-DE71-420B-AEC0-C49671E8455B}.Debug|x64.Build.0 = Debug|x64
		{FD4E6A5E-DE71-420B-AEC0-C49671E8455B}.Debug|x86.ActiveCfg = Debug|Win32
		{FD4E6A5E-DE71-420B-AEC0-C49671E8455B}.Debug|x86.Build.0 = Debug|Win32
		{FD4E6A5E-DE71-420B-AEC0-C49671E8455B}.Release|x64.ActiveCfg = Release|x64
		{FD4E6A5E-DE71-420B-AEC0-C49671E8455B}.Release|x64.Build.0 = Release|x64
		{FD4E6A5E-DE71-420B-AEC0-C49671E8455B}.Release|x86.ActiveCfg = Release|Win32
		{FD4E6A5E-DE71-420B-AEC0-C49671E8455B}.Release|x86.Build.0 = Release|Win32
		{C838D0DA-CA78-4E91-A123-BC10AD62F877}.Debug|x64.ActiveCfg = Debug|x64
		{C838D0DA-CA78-4E91-A123-BC10AD62F877}.Debug|x64.Build.0 = Debug|x64
		{C838D0DA-CA78-4E91-A123-BC10AD62F877}.Debug|x86.ActiveCfg = Debug|Win32
		{C838D0DA-CA78-4E91-A123-BC10AD62F877}.Debug|x86.Build.0 = Debug|Win32
		{C838D0DA-CA78-4E91-A123-BC10AD62F877}.Release|x64.ActiveCfg = Release|x64
		{C838D0DA-CA78-4E91-A123-BC10AD62F877}.Release|x64.Build.0 = Release|x64
		{C838D0DA-CA78-4E91-A123-BC10AD62F877}.Release|x86.ActiveCfg = Release|Win32
		{C838D0DA-CA78-4E91-A123-BC10AD62F877}.Release|x86.Build.0 = Release|Win32
		{AFE2A66B-C5DD-477F-A2E2-F6CA8970AACB}.Debug|x64.ActiveCfg = Debug|x64
		{AFE2A66B-C5DD-477F-A2E2-F6CA8970AACB}.Debug|x64.Build.0 = Debug|x64
		{AFE2A66B-C5DD-477F-A2E2-F6CA8970AACB}.Debug|x86.ActiveCfg = Debug|Win32
		{AFE2A66B-C5DD-477F-A2E2-F6CA8970AACB}.Debug|x86.Build.0 = Debug|Win32
		{AFE2A66B-C5DD-477F-A2E2-F6CA8970AACB}.Release|x64.ActiveCfg = Release|x64
		{AFE2A66B-C5DD-477F-A2E2-F6CA8970AACB}.Release|x64.Build.0 = Release|x64
		{AFE2A66B-C5DD-477F-A2E2-F6CA8970AACB}.Release|x86.ActiveCfg = Release|Win32
		{AFE2A66B-C5DD-477F-A2E2-F6CA8970AACB}.Release|x86.Build.0 = Release|Win32
		{BBC8E4CB-52C1-402C-9948-A9581305A0CD}.Debug|x64.ActiveCfg = Debug|x64
		{BBC8E4CB-52C1-402C-9948-A9581305A0CD}.Debug|x64.Build.0 = Debug|x64
		{BBC8E4CB-52C1-402C-9948-A9581305A0CD}.Debug|x86.ActiveCfg = Debug|Win32
		{BBC8E4CB-52C1-402C-9948-A9581305A0CD}.Debug|x86.Build.0 = Debug|Win32
		{BBC8E4CB-52C1-402C-9948-A9581305A0CD}.Release|x64.ActiveCfg = Release|x64
		{BBC8E4CB-52C1-402C-9948-A9581305A0CD}.Release|x64.Build.0 = Release|x64
		{BBC8E4CB-52C1-402C-9948-A9581305A0CD}.Release|x86.ActiveCfg = Release|Win32
		{BBC8E4CB-52C1-402C-9948-A9581305A0CD}.Release|x86.Build.0 = Release|Win32
		{A5F196F7-EDFE-4972-9752-2D4E6DAAC682}.Debug|x64.ActiveCfg = Debug|x64
		{A5F196F7-EDFE-4972-9752-2D4E6DAAC682}.Debug|x64.Build.0 = Debug|x64
		{A5F196F7-EDFE-4972-9752-2D4E6DAAC682}.Debug|x86.ActiveCfg = Debug|Win32
		{A5F196F7-EDFE-4972-9752-2D4E6DAAC682}.Debug|x86.Build.0 = Debug|Win32
		{A5F196F7-EDFE-4972-9752-2D4E6DAAC682}.Release|x64.ActiveCfg = Release|x64
		{A5F196F7-EDFE-4972-9752-2D4E6DAAC682}.Release|x64.Build.0 = Release|x64
		{A5F196F7-EDFE-4972-9752-2D4E6DAAC682}.Release|x86.ActiveCfg = Release|Win32
		{A5F196F7-EDFE-4972-9752-2D4E6DAAC682}.Release|x86.Build.0 = Release|Win32
		{D32F4492-6859-4ECF-941B-9CF79A48CDC0}.Debug|x64.ActiveCfg = Debug|x64
		{D32F4492-6859-4ECF-941B-9CF79A48CDC0}.Debug|x64.Build.0 = Debug|x64
		{D32F4492-6859-4ECF-941B-9CF79A48CDC0}.Debug|x86.ActiveCfg = Debug|Win32
		{D32F4492-6859-4ECF-941B-9CF79A48CDC0}.Debug|x86.Build.0 = Debug|Win32
		{D32F4492-6859-4ECF-941B-9CF79A48CDC0}.Release|x64.ActiveCfg = Release|x64
		{D32F4492-6859-4ECF-941B-9CF79A48CDC0}.Release|x64.Build.0 = Release|x64
		{D32F4492-6859-4ECF-941B-9CF79A48CDC0}.Release|x86.ActiveCfg = Release|Win32
		{D32F4492-6859-4ECF-941B-9CF79A48CDC0}.Release|x86.Build.0 = Release|Win32
		{81690856-D818-46A7-9977-67881CBD49D8}.Debug|x64.ActiveCfg = Debug|x64
		{81690856-D818-46A7-9977-67881CBD49D8}.Debug|x64.Build.0 = Debug|x64
		{81690856-D818-46A7-9977-67881CBD49D8}.Debug|x86.ActiveCfg = Debug|Win32
		{81690856-D818-46A7-9977-67881CBD49D8}.Debug|x86.Build.0 = Debug|Win32
		{81690856-D818-46A7-9977-67881CBD49D8}.Release|x64.ActiveCfg = Release|x64
		{81690856-D818-46A7-9977-67881CBD49D8}.Release|x64.Build.0 = Release|x64
		{81690856-D818-46A7-9977-67881CBD49D8}.Release|x86.ActiveCfg = Release|Win32
		{81690856-D818-46A7-9977-67881CBD49D8}.Release|x86.Build.0 = Release|Win32
	EndGlobalSection
	GlobalSection(SolutionProperties) = preSolution
		HideSolutionNode = FALSE
	EndGlobalSection
	GlobalSection(NestedProjects) = preSolution
		{35EB10D3-326B-480C-9DFD-814715FE669A} = {EC74AD0C-28D0-41C7-8707-6E30554EAA98}
		{71CF76E9-5744-4D03-BE26-7D1612D6D66F} = {EC74AD0C-28D0-41C7-8707-6E30554EAA98}
		{B979CDDD-65BA-4E56-983E-C39BF0060DFF} = {3CB1E44B-DBFB-419E-A3DB-1C7FE935B83E}
		{1C7CB641-F7D9-4033-A19E-84A7DA4D2F93} = {3CB1E44B-DBFB-419E-A3DB-1C7FE935B83E}
		{DC8C6470-0FFC-4CCE-A2C1-BCEC494CFB14} = {3CB1E44B-DBFB-419E-A3DB-1C7FE935B83E}
		{514C4DD1-84B7-4C33-8F36-D21209035F0E} = {3CB1E44B-DBFB-419E-A3DB-1C7FE935B83E}
		{66B24917-73F7-4CE6-B98F-99E014A11E09} = {034A7226-98DE-4FF5-98CE-E99EA9964918}
		{3C950AFA-9352-4D11-B02C-50E7E6CE8F73} = {10AAE18F-CBCC-404C-901A-38B97FBE8867}
		{F87A1851-4B3A-4118-82E3-EF29216ABCAC} = {10AAE18F-CBCC-404C-901A-38B97FBE8867}
		{D80F05F7-0833-4EA7-ACB4-26BEEE36820B} = {0D937001-D66A-4094-ACA0-E951B6945A52}
		{EA4D5207-52CA-49EA-89B6-C7454EFF3CEB} = {0D937001-D66A-4094-ACA0-E951B6945A52}
		{31237F70-6AB7-4E70-87C0-9AC7C107A442} = {0D937001-D66A-4094-ACA0-E951B6945A52}
		{FD4E6A5E-DE71-420B-AEC0-C49671E8455B} = {0D937001-D66A-4094-ACA0-E951B6945A52}
		{C838D0DA-CA78-4E91-A123-BC10AD62F877} = {E8EB805B-7A69-410E-A23A-F9D53398A17A}
		{AFE2A66B-C5DD-477F-A2E2-F6CA8970AACB} = {87308A62-2FC4-4781-B432-98A842230D80}
		{BBC8E4CB-52C1-402C-9948-A9581305A0CD} = {87308A62-2FC4-4781-B432-98A842230D80}
		{A5F196F7-EDFE-4972-9752-2D4E6DAAC682} = {4DF31342-7571-4924-A3DD-29628D9ADFB1}
		{D32F4492-6859-4ECF-941B-9CF79A48CDC0} = {4DF31342-7571-4924-A3DD-29628D9ADFB1}
		{81690856-D818-46A7-9977-67881CBD49D8} = {A1626E55-7615-4721-86A6-31DE6A5C9A29}
	EndGlobalSection
	GlobalSection(ExtensibilityGlobals) = postSolution
		SolutionGuid = {CE525214-E17A-44D4-8B9A-2E92F3A32E86}
	EndGlobalSection
EndGlobal
